
Microsoft Visual Studio Solution File, Format Version 12.00
# Visual Studio Version 16
VisualStudioVersion = 16.0.32126.315
MinimumVisualStudioVersion = 10.0.40219.1
Project("{FAE04EC0-301F-11D3-BF4B-00C04F79EFBC}") = "ShortListWebApp", "ShortListWebApp\ShortListWebApp.csproj", "{A3E168F2-B861-4D30-8AB8-F30DFC9D9F36}"
EndProject
Global
	GlobalSection(SolutionConfigurationPlatforms) = preSolution
		Debug|Any CPU = Debug|Any CPU
		Release|Any CPU = Release|Any CPU
	EndGlobalSection
	GlobalSection(ProjectConfigurationPlatforms) = postSolution
		{A3E168F2-B861-4D30-8AB8-F30DFC9D9F36}.Debug|Any CPU.ActiveCfg = Debug|Any CPU
		{A3E168F2-B861-4D30-8AB8-F30DFC9D9F36}.Debug|Any CPU.Build.0 = Debug|Any CPU
		{A3E168F2-B861-4D30-8AB8-F30DFC9D9F36}.Release|Any CPU.ActiveCfg = Release|Any CPU
		{A3E168F2-B861-4D30-8AB8-F30DFC9D9F36}.Release|Any CPU.Build.0 = Release|Any CPU
	EndGlobalSection
	GlobalSection(SolutionProperties) = preSolution
		HideSolutionNode = FALSE
	EndGlobalSection
	GlobalSection(ExtensibilityGlobals) = postSolution
		SolutionGuid = {FB234767-0810-4D29-A298-4C33125994BA}
	EndGlobalSection
EndGlobal
